
Microsoft Visual Studio Solution File, Format Version 12.00
# Visual Studio Version 17
VisualStudioVersion = 17.5.33516.290
MinimumVisualStudioVersion = 10.0.40219.1
Project("{9A19103F-16F7-4668-BE54-9A1E7A4F7556}") = "hermes", "hermes\hermes.csproj", "{C41C19DA-B8FF-49E2-A30D-9BE1F930EAA3}"
EndProject
Global
	GlobalSection(SolutionConfigurationPlatforms) = preSolution
		Debug|Any CPU = Debug|Any CPU
		Debug|x64 = Debug|x64
		Release|Any CPU = Release|Any CPU
		Release|x64 = Release|x64
	EndGlobalSection
	GlobalSection(ProjectConfigurationPlatforms) = postSolution
		{C41C19DA-B8FF-49E2-A30D-9BE1F930EAA3}.Debug|Any CPU.ActiveCfg = Debug|Any CPU
		{C41C19DA-B8FF-49E2-A30D-9BE1F930EAA3}.Debug|Any CPU.Build.0 = Debug|Any CPU
		{C41C19DA-B8FF-49E2-A30D-9BE1F930EAA3}.Debug|x64.ActiveCfg = Debug|x64
		{C41C19DA-B8FF-49E2-A30D-9BE1F930EAA3}.Debug|x64.Build.0 = Debug|x64
		{C41C19DA-B8FF-49E2-A30D-9BE1F930EAA3}.Release|Any CPU.ActiveCfg = Release|Any CPU
		{C41C19DA-B8FF-49E2-A30D-9BE1F930EAA3}.Release|Any CPU.Build.0 = Release|Any CPU
		{C41C19DA-B8FF-49E2-A30D-9BE1F930EAA3}.Release|x64.ActiveCfg = Release|x64
		{C41C19DA-B8FF-49E2-A30D-9BE1F930EAA3}.Release|x64.Build.0 = Release|x64
	EndGlobalSection
	GlobalSection(SolutionProperties) = preSolution
		HideSolutionNode = FALSE
	EndGlobalSection
	GlobalSection(ExtensibilityGlobals) = postSolution
		SolutionGuid = {0BC99F31-52EF-4835-BDEA-05BCBEA36B6A}
	EndGlobalSection
EndGlobal
